
Microsoft Visual Studio Solution File, Format Version 12.00
# Visual Studio Version 17
VisualStudioVersion = 17.2.32616.157
MinimumVisualStudioVersion = 10.0.40219.1
Project("{FAE04EC0-301F-11D3-BF4B-00C04F79EFBC}") = "C_sharf_4_Ass_1", "C_sharf_4_Ass_1.csproj", "{1A710250-EA7A-4EFC-9252-316CEA335464}"
EndProject
Global
	GlobalSection(SolutionConfigurationPlatforms) = preSolution
		Debug|Any CPU = Debug|Any CPU
		Release|Any CPU = Release|Any CPU
	EndGlobalSection
	GlobalSection(ProjectConfigurationPlatforms) = postSolution
		{1A710250-EA7A-4EFC-9252-316CEA335464}.Debug|Any CPU.ActiveCfg = Debug|Any CPU
		{1A710250-EA7A-4EFC-9252-316CEA335464}.Debug|Any CPU.Build.0 = Debug|Any CPU
		{1A710250-EA7A-4EFC-9252-316CEA335464}.Release|Any CPU.ActiveCfg = Release|Any CPU
		{1A710250-EA7A-4EFC-9252-316CEA335464}.Release|Any CPU.Build.0 = Release|Any CPU
	EndGlobalSection
	GlobalSection(SolutionProperties) = preSolution
		HideSolutionNode = FALSE
	EndGlobalSection
	GlobalSection(ExtensibilityGlobals) = postSolution
		SolutionGuid = {48505874-CD17-4F86-9699-67037AE66DB7}
	EndGlobalSection
EndGlobal
